# This file is automatically @generated by Wally.
# It is not intended for manual editing.
registry = "test"

[[package]]
name = "6531503070/quid"
version = "1.0.1"
dependencies = []

[[package]]
name = "alicesaidhi/jabby"
version = "0.2.2"
dependencies = [["jecs", "ukendio/jecs@0.5.5"], ["pebble", "alicesaidhi/pebble@0.1.2"], ["vide", "centau/vide@0.3.1"]]

[[package]]
name = "alicesaidhi/pebble"
version = "0.1.2"
dependencies = [["vide", "centau/vide@0.3.1"]]

[[package]]
name = "centau/vide"
version = "0.3.1"
dependencies = []

[[package]]
name = "dekkonot/sha256"
version = "1.0.1"
dependencies = []

[[package]]
name = "evaera/cmdr"
version = "1.12.0"
dependencies = []

[[package]]
name = "evaera/promise"
version = "4.0.0"
dependencies = []

[[package]]
name = "marcus/demo"
version = "0.1.0"
dependencies = [["Lyra", "paradoxum-games/lyra@0.6.0"], ["Quid", "6531503070/quid@1.0.1"], ["Signal", "sleitnick/signal@1.5.0"], ["TableUtil", "sleitnick/table-util@1.2.1"], ["cmdr", "evaera/cmdr@1.12.0"], ["jabby", "alicesaidhi/jabby@0.2.2"], ["sha256", "dekkonot/sha256@1.0.1"], ["vide", "centau/vide@0.3.1"], ["zoneplus", "mattschrubb/zoneplus@3.2.0"]]

[[package]]
name = "mattschrubb/zoneplus"
version = "3.2.0"
dependencies = []

[[package]]
name = "osyrisrblx/t"
version = "3.1.1"
dependencies = []

[[package]]
name = "paradoxum-games/lyra"
version = "0.6.0"
dependencies = [["Promise", "evaera/promise@4.0.0"], ["t", "osyrisrblx/t@3.1.1"]]

[[package]]
name = "sleitnick/signal"
version = "1.5.0"
dependencies = []

[[package]]
name = "sleitnick/table-util"
version = "1.2.1"
dependencies = []

[[package]]
name = "ukendio/jecs"
version = "0.5.5"
dependencies = []
